
Microsoft Visual Studio Solution File, Format Version 12.00
# Visual Studio Version 17
VisualStudioVersion = 17.1.32328.378
MinimumVisualStudioVersion = 10.0.40219.1
Project("{FAE04EC0-301F-11D3-BF4B-00C04F79EFBC}") = "ReactAspCrud", "ReactAspCrud\ReactAspCrud.csproj", "{6B20D7A3-1317-4F25-B394-59CD1BA6C51A}"
EndProject
Global
	GlobalSection(SolutionConfigurationPlatforms) = preSolution
		Debug|Any CPU = Debug|Any CPU
		Release|Any CPU = Release|Any CPU
	EndGlobalSection
	GlobalSection(ProjectConfigurationPlatforms) = postSolution
		{6B20D7A3-1317-4F25-B394-59CD1BA6C51A}.Debug|Any CPU.ActiveCfg = Debug|Any CPU
		{6B20D7A3-1317-4F25-B394-59CD1BA6C51A}.Debug|Any CPU.Build.0 = Debug|Any CPU
		{6B20D7A3-1317-4F25-B394-59CD1BA6C51A}.Release|Any CPU.ActiveCfg = Release|Any CPU
		{6B20D7A3-1317-4F25-B394-59CD1BA6C51A}.Release|Any CPU.Build.0 = Release|Any CPU
	EndGlobalSection
	GlobalSection(SolutionProperties) = preSolution
		HideSolutionNode = FALSE
	EndGlobalSection
	GlobalSection(ExtensibilityGlobals) = postSolution
		SolutionGuid = {D9ED0AB4-0751-4185-BA1C-02BE421B121D}
	EndGlobalSection
EndGlobal
